
Microsoft Visual Studio Solution File, Format Version 12.00
# Visual Studio Version 16
VisualStudioVersion = 16.0.29519.87
MinimumVisualStudioVersion = 10.0.40219.1
Project("{FAE04EC0-301F-11D3-BF4B-00C04F79EFBC}") = "Assignment", "Assignment\Assignment.csproj", "{0108B35B-DFF3-4B06-8D74-0211BE636ADC}"
EndProject
Global
	GlobalSection(SolutionConfigurationPlatforms) = preSolution
		Debug|Any CPU = Debug|Any CPU
		Release|Any CPU = Release|Any CPU
	EndGlobalSection
	GlobalSection(ProjectConfigurationPlatforms) = postSolution
		{0108B35B-DFF3-4B06-8D74-0211BE636ADC}.Debug|Any CPU.ActiveCfg = Debug|Any CPU
		{0108B35B-DFF3-4B06-8D74-0211BE636ADC}.Debug|Any CPU.Build.0 = Debug|Any CPU
		{0108B35B-DFF3-4B06-8D74-0211BE636ADC}.Release|Any CPU.ActiveCfg = Release|Any CPU
		{0108B35B-DFF3-4B06-8D74-0211BE636ADC}.Release|Any CPU.Build.0 = Release|Any CPU
	EndGlobalSection
	GlobalSection(SolutionProperties) = preSolution
		HideSolutionNode = FALSE
	EndGlobalSection
	GlobalSection(ExtensibilityGlobals) = postSolution
		SolutionGuid = {DC161D39-EAAC-4BF0-A6F3-ADADDECDA878}
	EndGlobalSection
EndGlobal
